
Microsoft Visual Studio Solution File, Format Version 12.00
# Visual Studio Version 17
VisualStudioVersion = 17.5.33502.453
MinimumVisualStudioVersion = 10.0.40219.1
Project("{E24C65DC-7377-472B-9ABA-BC803B73C61A}") = "YazOkuluKayit", "YazOkuluKayit\", "{642BAE3A-626D-40B5-8831-E8152B4E8E6F}"
	ProjectSection(WebsiteProperties) = preProject
		TargetFrameworkMoniker = ".NETFramework,Version%3Dv4.6"
		ProjectReferences = "{c5f2ec1c-f1b2-4648-b06a-7ab9660d5796}|BusinessLogicLayer.dll;{394b4fbf-dd70-47d5-a930-4f8312262a47}|DataAccessLayer.dll;{674a9d94-4adb-4c8a-baf0-ff97be76c439}|EntityLayer.dll;"
		Debug.AspNetCompiler.VirtualPath = "/localhost_64088"
		Debug.AspNetCompiler.PhysicalPath = "YazOkuluKayit\"
		Debug.AspNetCompiler.TargetPath = "PrecompiledWeb\localhost_64088\"
		Debug.AspNetCompiler.Updateable = "true"
		Debug.AspNetCompiler.ForceOverwrite = "true"
		Debug.AspNetCompiler.FixedNames = "false"
		Debug.AspNetCompiler.Debug = "True"
		Release.AspNetCompiler.VirtualPath = "/localhost_64088"
		Release.AspNetCompiler.PhysicalPath = "YazOkuluKayit\"
		Release.AspNetCompiler.TargetPath = "PrecompiledWeb\localhost_64088\"
		Release.AspNetCompiler.Updateable = "true"
		Release.AspNetCompiler.ForceOverwrite = "true"
		Release.AspNetCompiler.FixedNames = "false"
		Release.AspNetCompiler.Debug = "False"
		VWDPort = "64088"
		SlnRelativePath = "YazOkuluKayit\"
		DefaultWebSiteLanguage = "Visual C#"
	EndProjectSection
EndProject
Project("{FAE04EC0-301F-11D3-BF4B-00C04F79EFBC}") = "EntityLayer", "EntityLayer\EntityLayer.csproj", "{674A9D94-4ADB-4C8A-BAF0-FF97BE76C439}"
EndProject
Project("{FAE04EC0-301F-11D3-BF4B-00C04F79EFBC}") = "DataAccessLayer", "DataAccessLayer\DataAccessLayer.csproj", "{394B4FBF-DD70-47D5-A930-4F8312262A47}"
EndProject
Project("{FAE04EC0-301F-11D3-BF4B-00C04F79EFBC}") = "BusinessLogicLayer", "BusinessLogicLayer\BusinessLogicLayer.csproj", "{C5F2EC1C-F1B2-4648-B06A-7AB9660D5796}"
EndProject
Global
	GlobalSection(SolutionConfigurationPlatforms) = preSolution
		Debug|Any CPU = Debug|Any CPU
		Release|Any CPU = Release|Any CPU
	EndGlobalSection
	GlobalSection(ProjectConfigurationPlatforms) = postSolution
		{642BAE3A-626D-40B5-8831-E8152B4E8E6F}.Debug|Any CPU.ActiveCfg = Debug|Any CPU
		{642BAE3A-626D-40B5-8831-E8152B4E8E6F}.Debug|Any CPU.Build.0 = Debug|Any CPU
		{642BAE3A-626D-40B5-8831-E8152B4E8E6F}.Release|Any CPU.ActiveCfg = Debug|Any CPU
		{642BAE3A-626D-40B5-8831-E8152B4E8E6F}.Release|Any CPU.Build.0 = Debug|Any CPU
		{674A9D94-4ADB-4C8A-BAF0-FF97BE76C439}.Debug|Any CPU.ActiveCfg = Debug|Any CPU
		{674A9D94-4ADB-4C8A-BAF0-FF97BE76C439}.Debug|Any CPU.Build.0 = Debug|Any CPU
		{674A9D94-4ADB-4C8A-BAF0-FF97BE76C439}.Release|Any CPU.ActiveCfg = Release|Any CPU
		{674A9D94-4ADB-4C8A-BAF0-FF97BE76C439}.Release|Any CPU.Build.0 = Release|Any CPU
		{394B4FBF-DD70-47D5-A930-4F8312262A47}.Debug|Any CPU.ActiveCfg = Debug|Any CPU
		{394B4FBF-DD70-47D5-A930-4F8312262A47}.Debug|Any CPU.Build.0 = Debug|Any CPU
		{394B4FBF-DD70-47D5-A930-4F8312262A47}.Release|Any CPU.ActiveCfg = Release|Any CPU
		{394B4FBF-DD70-47D5-A930-4F8312262A47}.Release|Any CPU.Build.0 = Release|Any CPU
		{C5F2EC1C-F1B2-4648-B06A-7AB9660D5796}.Debug|Any CPU.ActiveCfg = Debug|Any CPU
		{C5F2EC1C-F1B2-4648-B06A-7AB9660D5796}.Debug|Any CPU.Build.0 = Debug|Any CPU
		{C5F2EC1C-F1B2-4648-B06A-7AB9660D5796}.Release|Any CPU.ActiveCfg = Release|Any CPU
		{C5F2EC1C-F1B2-4648-B06A-7AB9660D5796}.Release|Any CPU.Build.0 = Release|Any CPU
	EndGlobalSection
	GlobalSection(SolutionProperties) = preSolution
		HideSolutionNode = FALSE
	EndGlobalSection
	GlobalSection(ExtensibilityGlobals) = postSolution
		SolutionGuid = {888BC22A-F309-473A-B04F-614487F2C321}
	EndGlobalSection
EndGlobal
